
Microsoft Visual Studio Solution File, Format Version 12.00
# Visual Studio 14
VisualStudioVersion = 14.0.24720.0
MinimumVisualStudioVersion = 10.0.40219.1
Project("{FAE04EC0-301F-11D3-BF4B-00C04F79EFBC}") = "Example1", "Example1\Example1.csproj", "{AC891CE2-9388-4F90-9BFF-9C41E9C97F3D}"
EndProject
Project("{FAE04EC0-301F-11D3-BF4B-00C04F79EFBC}") = "Example2", "Example2\Example2.csproj", "{EDB343AE-B2C6-4D04-B1A8-0731EEBF1DDB}"
EndProject
Project("{FAE04EC0-301F-11D3-BF4B-00C04F79EFBC}") = "Example3", "Example3\Example3.csproj", "{315A1298-E805-47BF-A647-6970157E7678}"
EndProject
Global
	GlobalSection(SolutionConfigurationPlatforms) = preSolution
		Debug|Any CPU = Debug|Any CPU
		Release|Any CPU = Release|Any CPU
	EndGlobalSection
	GlobalSection(ProjectConfigurationPlatforms) = postSolution
		{AC891CE2-9388-4F90-9BFF-9C41E9C97F3D}.Debug|Any CPU.ActiveCfg = Debug|Any CPU
		{AC891CE2-9388-4F90-9BFF-9C41E9C97F3D}.Debug|Any CPU.Build.0 = Debug|Any CPU
		{AC891CE2-9388-4F90-9BFF-9C41E9C97F3D}.Release|Any CPU.ActiveCfg = Release|Any CPU
		{AC891CE2-9388-4F90-9BFF-9C41E9C97F3D}.Release|Any CPU.Build.0 = Release|Any CPU
		{EDB343AE-B2C6-4D04-B1A8-0731EEBF1DDB}.Debug|Any CPU.ActiveCfg = Debug|Any CPU
		{EDB343AE-B2C6-4D04-B1A8-0731EEBF1DDB}.Debug|Any CPU.Build.0 = Debug|Any CPU
		{EDB343AE-B2C6-4D04-B1A8-0731EEBF1DDB}.Release|Any CPU.ActiveCfg = Release|Any CPU
		{EDB343AE-B2C6-4D04-B1A8-0731EEBF1DDB}.Release|Any CPU.Build.0 = Release|Any CPU
		{315A1298-E805-47BF-A647-6970157E7678}.Debug|Any CPU.ActiveCfg = Debug|Any CPU
		{315A1298-E805-47BF-A647-6970157E7678}.Debug|Any CPU.Build.0 = Debug|Any CPU
		{315A1298-E805-47BF-A647-6970157E7678}.Release|Any CPU.ActiveCfg = Release|Any CPU
		{315A1298-E805-47BF-A647-6970157E7678}.Release|Any CPU.Build.0 = Release|Any CPU
	EndGlobalSection
	GlobalSection(SolutionProperties) = preSolution
		HideSolutionNode = FALSE
	EndGlobalSection
EndGlobal
